// !$*UTF8*$!
{
	archiveVersion = 1;
	classes = {
	};
	objectVersion = 56;
	objects = {

/* Begin PBXBuildFile section */
		4A19D87729590885009C8A8F /* FingertipApp.swift in Sources */ = {isa = PBXBuildFile; fileRef = 4A19D87629590885009C8A8F /* FingertipApp.swift */; };
		4A19D87929590885009C8A8F /* ContentView.swift in Sources */ = {isa = PBXBuildFile; fileRef = 4A19D87829590885009C8A8F /* ContentView.swift */; };
		4A19D87B29590886009C8A8F /* Assets.xcassets in Resources */ = {isa = PBXBuildFile; fileRef = 4A19D87A29590886009C8A8F /* Assets.xcassets */; };
		4A19D87E29590886009C8A8F /* Preview Assets.xcassets in Resources */ = {isa = PBXBuildFile; fileRef = 4A19D87D29590886009C8A8F /* Preview Assets.xcassets */; };
		4A19D88829590886009C8A8F /* FingertipTests.swift in Sources */ = {isa = PBXBuildFile; fileRef = 4A19D88729590886009C8A8F /* FingertipTests.swift */; };
		4A19D89229590886009C8A8F /* FingertipUITests.swift in Sources */ = {isa = PBXBuildFile; fileRef = 4A19D89129590886009C8A8F /* FingertipUITests.swift */; };
		4A19D89429590886009C8A8F /* FingertipUITestsLaunchTests.swift in Sources */ = {isa = PBXBuildFile; fileRef = 4A19D89329590886009C8A8F /* FingertipUITestsLaunchTests.swift */; };
/* End PBXBuildFile section */

/* Begin PBXContainerItemProxy section */
		4A19D88429590886009C8A8F /* PBXContainerItemProxy */ = {
			isa = PBXContainerItemProxy;
			containerPortal = 4A19D86B29590885009C8A8F /* Project object */;
			proxyType = 1;
			remoteGlobalIDString = 4A19D87229590885009C8A8F;
			remoteInfo = Fingertip;
		};
		4A19D88E29590886009C8A8F /* PBXContainerItemProxy */ = {
			isa = PBXContainerItemProxy;
			containerPortal = 4A19D86B29590885009C8A8F /* Project object */;
			proxyType = 1;
			remoteGlobalIDString = 4A19D87229590885009C8A8F;
			remoteInfo = Fingertip;
		};
/* End PBXContainerItemProxy section */

/* Begin PBXFileReference section */
		4A19D87329590885009C8A8F /* Fingertip.app */ = {isa = PBXFileReference; explicitFileType = wrapper.application; includeInIndex = 0; path = Fingertip.app; sourceTree = BUILT_PRODUCTS_DIR; };
		4A19D87629590885009C8A8F /* FingertipApp.swift */ = {isa = PBXFileReference; lastKnownFileType = sourcecode.swift; path = FingertipApp.swift; sourceTree = "<group>"; };
		4A19D87829590885009C8A8F /* ContentView.swift */ = {isa = PBXFileReference; lastKnownFileType = sourcecode.swift; path = ContentView.swift; sourceTree = "<group>"; };
		4A19D87A29590886009C8A8F /* Assets.xcassets */ = {isa = PBXFileReference; lastKnownFileType = folder.assetcatalog; path = Assets.xcassets; sourceTree = "<group>"; };
		4A19D87D29590886009C8A8F /* Preview Assets.xcassets */ = {isa = PBXFileReference; lastKnownFileType = folder.assetcatalog; path = "Preview Assets.xcassets"; sourceTree = "<group>"; };
		4A19D88329590886009C8A8F /* FingertipTests.xctest */ = {isa = PBXFileReference; explicitFileType = wrapper.cfbundle; includeInIndex = 0; path = FingertipTests.xctest; sourceTree = BUILT_PRODUCTS_DIR; };
		4A19D88729590886009C8A8F /* FingertipTests.swift */ = {isa = PBXFileReference; lastKnownFileType = sourcecode.swift; path = FingertipTests.swift; sourceTree = "<group>"; };
		4A19D88D29590886009C8A8F /* FingertipUITests.xctest */ = {isa = PBXFileReference; explicitFileType = wrapper.cfbundle; includeInIndex = 0; path = FingertipUITests.xctest; sourceTree = BUILT_PRODUCTS_DIR; };
		4A19D89129590886009C8A8F /* FingertipUITests.swift */ = {isa = PBXFileReference; lastKnownFileType = sourcecode.swift; path = FingertipUITests.swift; sourceTree = "<group>"; };
		4A19D89329590886009C8A8F /* FingertipUITestsLaunchTests.swift */ = {isa = PBXFileReference; lastKnownFileType = sourcecode.swift; path = FingertipUITestsLaunchTests.swift; sourceTree = "<group>"; };
/* End PBXFileReference section */

/* Begin PBXFrameworksBuildPhase section */
		4A19D87029590885009C8A8F /* Frameworks */ = {
			isa = PBXFrameworksBuildPhase;
			buildActionMask = 2147483647;
			files = (
			);
			runOnlyForDeploymentPostprocessing = 0;
		};
		4A19D88029590886009C8A8F /* Frameworks */ = {
			isa = PBXFrameworksBuildPhase;
			buildActionMask = 2147483647;
			files = (
			);
			runOnlyForDeploymentPostprocessing = 0;
		};
		4A19D88A29590886009C8A8F /* Frameworks */ = {
			isa = PBXFrameworksBuildPhase;
			buildActionMask = 2147483647;
			files = (
			);
			runOnlyForDeploymentPostprocessing = 0;
		};
/* End PBXFrameworksBuildPhase section */

/* Begin PBXGroup section */
		4A19D86A29590885009C8A8F = {
			isa = PBXGroup;
			children = (
				4A19D87529590885009C8A8F /* Fingertip */,
				4A19D88629590886009C8A8F /* FingertipTests */,
				4A19D89029590886009C8A8F /* FingertipUITests */,
				4A19D87429590885009C8A8F /* Products */,
			);
			sourceTree = "<group>";
		};
		4A19D87429590885009C8A8F /* Products */ = {
			isa = PBXGroup;
			children = (
				4A19D87329590885009C8A8F /* Fingertip.app */,
				4A19D88329590886009C8A8F /* FingertipTests.xctest */,
				4A19D88D29590886009C8A8F /* FingertipUITests.xctest */,
			);
			name = Products;
			sourceTree = "<group>";
		};
		4A19D87529590885009C8A8F /* Fingertip */ = {
			isa = PBXGroup;
			children = (
				4A19D87629590885009C8A8F /* FingertipApp.swift */,
				4A19D87829590885009C8A8F /* ContentView.swift */,
				4A19D87A29590886009C8A8F /* Assets.xcassets */,
				4A19D87C29590886009C8A8F /* Preview Content */,
			);
			path = Fingertip;
			sourceTree = "<group>";
		};
		4A19D87C29590886009C8A8F /* Preview Content */ = {
			isa = PBXGroup;
			children = (
				4A19D87D29590886009C8A8F /* Preview Assets.xcassets */,
			);
			path = "Preview Content";
			sourceTree = "<group>";
		};
		4A19D88629590886009C8A8F /* FingertipTests */ = {
			isa = PBXGroup;
			children = (
				4A19D88729590886009C8A8F /* FingertipTests.swift */,
			);
			path = FingertipTests;
			sourceTree = "<group>";
		};
		4A19D89029590886009C8A8F /* FingertipUITests */ = {
			isa = PBXGroup;
			children = (
				4A19D89129590886009C8A8F /* FingertipUITests.swift */,
				4A19D89329590886009C8A8F /* FingertipUITestsLaunchTests.swift */,
			);
			path = FingertipUITests;
			sourceTree = "<group>";
		};
/* End PBXGroup section */

/* Begin PBXNativeTarget section */
		4A19D87229590885009C8A8F /* Fingertip */ = {
			isa = PBXNativeTarget;
			buildConfigurationList = 4A19D89729590886009C8A8F /* Build configuration list for PBXNativeTarget "Fingertip" */;
			buildPhases = (
				4A19D86F29590885009C8A8F /* Sources */,
				4A19D87029590885009C8A8F /* Frameworks */,
				4A19D87129590885009C8A8F /* Resources */,
			);
			buildRules = (
			);
			dependencies = (
			);
			name = Fingertip;
			productName = Fingertip;
			productReference = 4A19D87329590885009C8A8F /* Fingertip.app */;
			productType = "com.apple.product-type.application";
		};
		4A19D88229590886009C8A8F /* FingertipTests */ = {
			isa = PBXNativeTarget;
			buildConfigurationList = 4A19D89A29590886009C8A8F /* Build configuration list for PBXNativeTarget "FingertipTests" */;
			buildPhases = (
				4A19D87F29590886009C8A8F /* Sources */,
				4A19D88029590886009C8A8F /* Frameworks */,
				4A19D88129590886009C8A8F /* Resources */,
			);
			buildRules = (
			);
			dependencies = (
				4A19D88529590886009C8A8F /* PBXTargetDependency */,
			);
			name = FingertipTests;
			productName = FingertipTests;
			productReference = 4A19D88329590886009C8A8F /* FingertipTests.xctest */;
			productType = "com.apple.product-type.bundle.unit-test";
		};
		4A19D88C29590886009C8A8F /* FingertipUITests */ = {
			isa = PBXNativeTarget;
			buildConfigurationList = 4A19D89D29590886009C8A8F /* Build configuration list for PBXNativeTarget "FingertipUITests" */;
			buildPhases = (
				4A19D88929590886009C8A8F /* Sources */,
				4A19D88A29590886009C8A8F /* Frameworks */,
				4A19D88B29590886009C8A8F /* Resources */,
			);
			buildRules = (
			);
			dependencies = (
				4A19D88F29590886009C8A8F /* PBXTargetDependency */,
			);
			name = FingertipUITests;
			productName = FingertipUITests;
			productReference = 4A19D88D29590886009C8A8F /* FingertipUITests.xctest */;
			productType = "com.apple.product-type.bundle.ui-testing";
		};
/* End PBXNativeTarget section */

/* Begin PBXProject section */
		4A19D86B29590885009C8A8F /* Project object */ = {
			isa = PBXProject;
			attributes = {
				BuildIndependentTargetsInParallel = 1;
				LastSwiftUpdateCheck = 1400;
				LastUpgradeCheck = 1400;
				TargetAttributes = {
					4A19D87229590885009C8A8F = {
						CreatedOnToolsVersion = 14.0;
					};
					4A19D88229590886009C8A8F = {
						CreatedOnToolsVersion = 14.0;
						TestTargetID = 4A19D87229590885009C8A8F;
					};
					4A19D88C29590886009C8A8F = {
						CreatedOnToolsVersion = 14.0;
						TestTargetID = 4A19D87229590885009C8A8F;
					};
				};
			};
			buildConfigurationList = 4A19D86E29590885009C8A8F /* Build configuration list for PBXProject "Fingertip" */;
			compatibilityVersion = "Xcode 14.0";
			developmentRegion = en;
			hasScannedForEncodings = 0;
			knownRegions = (
				en,
				Base,
			);
			mainGroup = 4A19D86A29590885009C8A8F;
			productRefGroup = 4A19D87429590885009C8A8F /* Products */;
			projectDirPath = "";
			projectRoot = "";
			targets = (
				4A19D87229590885009C8A8F /* Fingertip */,
				4A19D88229590886009C8A8F /* FingertipTests */,
				4A19D88C29590886009C8A8F /* FingertipUITests */,
			);
		};
/* End PBXProject section */

/* Begin PBXResourcesBuildPhase section */
		4A19D87129590885009C8A8F /* Resources */ = {
			isa = PBXResourcesBuildPhase;
			buildActionMask = 2147483647;
			files = (
				4A19D87E29590886009C8A8F /* Preview Assets.xcassets in Resources */,
				4A19D87B29590886009C8A8F /* Assets.xcassets in Resources */,
			);
			runOnlyForDeploymentPostprocessing = 0;
		};
		4A19D88129590886009C8A8F /* Resources */ = {
			isa = PBXResourcesBuildPhase;
			buildActionMask = 2147483647;
			files = (
			);
			runOnlyForDeploymentPostprocessing = 0;
		};
		4A19D88B29590886009C8A8F /* Resources */ = {
			isa = PBXResourcesBuildPhase;
			buildActionMask = 2147483647;
			files = (
			);
			runOnlyForDeploymentPostprocessing = 0;
		};
/* End PBXResourcesBuildPhase section */

/* Begin PBXSourcesBuildPhase section */
		4A19D86F29590885009C8A8F /* Sources */ = {
			isa = PBXSourcesBuildPhase;
			buildActionMask = 2147483647;
			files = (
				4A19D87929590885009C8A8F /* ContentView.swift in Sources */,
				4A19D87729590885009C8A8F /* FingertipApp.swift in Sources */,
			);
			runOnlyForDeploymentPostprocessing = 0;
		};
		4A19D87F29590886009C8A8F /* Sources */ = {
			isa = PBXSourcesBuildPhase;
			buildActionMask = 2147483647;
			files = (
				4A19D88829590886009C8A8F /* FingertipTests.swift in Sources */,
			);
			runOnlyForDeploymentPostprocessing = 0;
		};
		4A19D88929590886009C8A8F /* Sources */ = {
			isa = PBXSourcesBuildPhase;
			buildActionMask = 2147483647;
			files = (
				4A19D89229590886009C8A8F /* FingertipUITests.swift in Sources */,
				4A19D89429590886009C8A8F /* FingertipUITestsLaunchTests.swift in Sources */,
			);
			runOnlyForDeploymentPostprocessing = 0;
		};
/* End PBXSourcesBuildPhase section */

/* Begin PBXTargetDependency section */
		4A19D88529590886009C8A8F /* PBXTargetDependency */ = {
			isa = PBXTargetDependency;
			target = 4A19D87229590885009C8A8F /* Fingertip */;
			targetProxy = 4A19D88429590886009C8A8F /* PBXContainerItemProxy */;
		};
		4A19D88F29590886009C8A8F /* PBXTargetDependency */ = {
			isa = PBXTargetDependency;
			target = 4A19D87229590885009C8A8F /* Fingertip */;
			targetProxy = 4A19D88E29590886009C8A8F /* PBXContainerItemProxy */;
		};
/* End PBXTargetDependency section */

/* Begin XCBuildConfiguration section */
		4A19D89529590886009C8A8F /* Debug */ = {
			isa = XCBuildConfiguration;
			buildSettings = {
				ALWAYS_SEARCH_USER_PATHS = NO;
				CLANG_ANALYZER_NONNULL = YES;
				CLANG_ANALYZER_NUMBER_OBJECT_CONVERSION = YES_AGGRESSIVE;
				CLANG_CXX_LANGUAGE_STANDARD = "gnu++20";
				CLANG_ENABLE_MODULES = YES;
				CLANG_ENABLE_OBJC_ARC = YES;
				CLANG_ENABLE_OBJC_WEAK = YES;
				CLANG_WARN_BLOCK_CAPTURE_AUTORELEASING = YES;
				CLANG_WARN_BOOL_CONVERSION = YES;
				CLANG_WARN_COMMA = YES;
				CLANG_WARN_CONSTANT_CONVERSION = YES;
				CLANG_WARN_DEPRECATED_OBJC_IMPLEMENTATIONS = YES;
				CLANG_WARN_DIRECT_OBJC_ISA_USAGE = YES_ERROR;
				CLANG_WARN_DOCUMENTATION_COMMENTS = YES;
				CLANG_WARN_EMPTY_BODY = YES;
				CLANG_WARN_ENUM_CONVERSION = YES;
				CLANG_WARN_INFINITE_RECURSION = YES;
				CLANG_WARN_INT_CONVERSION = YES;
				CLANG_WARN_NON_LITERAL_NULL_CONVERSION = YES;
				CLANG_WARN_OBJC_IMPLICIT_RETAIN_SELF = YES;
				CLANG_WARN_OBJC_LITERAL_CONVERSION = YES;
				CLANG_WARN_OBJC_ROOT_CLASS = YES_ERROR;
				CLANG_WARN_QUOTED_INCLUDE_IN_FRAMEWORK_HEADER = YES;
				CLANG_WARN_RANGE_LOOP_ANALYSIS = YES;
				CLANG_WARN_STRICT_PROTOTYPES = YES;
				CLANG_WARN_SUSPICIOUS_MOVE = YES;
				CLANG_WARN_UNGUARDED_AVAILABILITY = YES_AGGRESSIVE;
				CLANG_WARN_UNREACHABLE_CODE = YES;
				CLANG_WARN__DUPLICATE_METHOD_MATCH = YES;
				COPY_PHASE_STRIP = NO;
				DEBUG_INFORMATION_FORMAT = dwarf;
				ENABLE_STRICT_OBJC_MSGSEND = YES;
				ENABLE_TESTABILITY = YES;
				GCC_C_LANGUAGE_STANDARD = gnu11;
				GCC_DYNAMIC_NO_PIC = NO;
				GCC_NO_COMMON_BLOCKS = YES;
				GCC_OPTIMIZATION_LEVEL = 0;
				GCC_PREPROCESSOR_DEFINITIONS = (
					"DEBUG=1",
					"$(inherited)",
				);
				GCC_WARN_64_TO_32_BIT_CONVERSION = YES;
				GCC_WARN_ABOUT_RETURN_TYPE = YES_ERROR;
				GCC_WARN_UNDECLARED_SELECTOR = YES;
				GCC_WARN_UNINITIALIZED_AUTOS = YES_AGGRESSIVE;
				GCC_WARN_UNUSED_FUNCTION = YES;
				GCC_WARN_UNUSED_VARIABLE = YES;
				IPHONEOS_DEPLOYMENT_TARGET = 16.0;
				MTL_ENABLE_DEBUG_INFO = INCLUDE_SOURCE;
				MTL_FAST_MATH = YES;
				ONLY_ACTIVE_ARCH = YES;
				SDKROOT = iphoneos;
				SWIFT_ACTIVE_COMPILATION_CONDITIONS = DEBUG;
				SWIFT_OPTIMIZATION_LEVEL = "-Onone";
			};
			name = Debug;
		};
		4A19D89629590886009C8A8F /* Release */ = {
			isa = XCBuildConfiguration;
			buildSettings = {
				ALWAYS_SEARCH_USER_PATHS = NO;
				CLANG_ANALYZER_NONNULL = YES;
				CLANG_ANALYZER_NUMBER_OBJECT_CONVERSION = YES_AGGRESSIVE;
				CLANG_CXX_LANGUAGE_STANDARD = "gnu++20";
				CLANG_ENABLE_MODULES = YES;
				CLANG_ENABLE_OBJC_ARC = YES;
				CLANG_ENABLE_OBJC_WEAK = YES;
				CLANG_WARN_BLOCK_CAPTURE_AUTORELEASING = YES;
				CLANG_WARN_BOOL_CONVERSION = YES;
				CLANG_WARN_COMMA = YES;
				CLANG_WARN_CONSTANT_CONVERSION = YES;
				CLANG_WARN_DEPRECATED_OBJC_IMPLEMENTATIONS = YES;
				CLANG_WARN_DIRECT_OBJC_ISA_USAGE = YES_ERROR;
				CLANG_WARN_DOCUMENTATION_COMMENTS = YES;
				CLANG_WARN_EMPTY_BODY = YES;
				CLANG_WARN_ENUM_CONVERSION = YES;
				CLANG_WARN_INFINITE_RECURSION = YES;
				CLANG_WARN_INT_CONVERSION = YES;
				CLANG_WARN_NON_LITERAL_NULL_CONVERSION = YES;
				CLANG_WARN_OBJC_IMPLICIT_RETAIN_SELF = YES;
				CLANG_WARN_OBJC_LITERAL_CONVERSION = YES;
				CLANG_WARN_OBJC_ROOT_CLASS = YES_ERROR;
				CLANG_WARN_QUOTED_INCLUDE_IN_FRAMEWORK_HEADER = YES;
				CLANG_WARN_RANGE_LOOP_ANALYSIS = YES;
				CLANG_WARN_STRICT_PROTOTYPES = YES;
				CLANG_WARN_SUSPICIOUS_MOVE = YES;
				CLANG_WARN_UNGUARDED_AVAILABILITY = YES_AGGRESSIVE;
				CLANG_WARN_UNREACHABLE_CODE = YES;
				CLANG_WARN__DUPLICATE_METHOD_MATCH = YES;
				COPY_PHASE_STRIP = NO;
				DEBUG_INFORMATION_FORMAT = "dwarf-with-dsym";
				ENABLE_NS_ASSERTIONS = NO;
				ENABLE_STRICT_OBJC_MSGSEND = YES;
				GCC_C_LANGUAGE_STANDARD = gnu11;
				GCC_NO_COMMON_BLOCKS = YES;
				GCC_WARN_64_TO_32_BIT_CONVERSION = YES;
				GCC_WARN_ABOUT_RETURN_TYPE = YES_ERROR;
				GCC_WARN_UNDECLARED_SELECTOR = YES;
				GCC_WARN_UNINITIALIZED_AUTOS = YES_AGGRESSIVE;
				GCC_WARN_UNUSED_FUNCTION = YES;
				GCC_WARN_UNUSED_VARIABLE = YES;
				IPHONEOS_DEPLOYMENT_TARGET = 16.0;
				MTL_ENABLE_DEBUG_INFO = NO;
				MTL_FAST_MATH = YES;
				SDKROOT = iphoneos;
				SWIFT_COMPILATION_MODE = wholemodule;
				SWIFT_OPTIMIZATION_LEVEL = "-O";
				VALIDATE_PRODUCT = YES;
			};
			name = Release;
		};
		4A19D89829590886009C8A8F /* Debug */ = {
			isa = XCBuildConfiguration;
			buildSettings = {
				ASSETCATALOG_COMPILER_APPICON_NAME = AppIcon;
				ASSETCATALOG_COMPILER_GLOBAL_ACCENT_COLOR_NAME = AccentColor;
				CODE_SIGN_STYLE = Automatic;
				CURRENT_PROJECT_VERSION = 1;
				DEVELOPMENT_ASSET_PATHS = "\"Fingertip/Preview Content\"";
				DEVELOPMENT_TEAM = A78GUNKTH2;
				ENABLE_PREVIEWS = YES;
				GENERATE_INFOPLIST_FILE = YES;
				INFOPLIST_KEY_UIApplicationSceneManifest_Generation = YES;
				INFOPLIST_KEY_UIApplicationSupportsIndirectInputEvents = YES;
				INFOPLIST_KEY_UILaunchScreen_Generation = YES;
				INFOPLIST_KEY_UISupportedInterfaceOrientations_iPad = "UIInterfaceOrientationPortrait UIInterfaceOrientationPortraitUpsideDown UIInterfaceOrientationLandscapeLeft UIInterfaceOrientationLandscapeRight";
				INFOPLIST_KEY_UISupportedInterfaceOrientations_iPhone = "UIInterfaceOrientationPortrait UIInterfaceOrientationLandscapeLeft UIInterfaceOrientationLandscapeRight";
				LD_RUNPATH_SEARCH_PATHS = (
					"$(inherited)",
					"@executable_path/Frameworks",
				);
				MARKETING_VERSION = 1.0;
				PRODUCT_BUNDLE_IDENTIFIER = KarolinaGroszewska.Fingertip;
				PRODUCT_NAME = "$(TARGET_NAME)";
				SWIFT_EMIT_LOC_STRINGS = YES;
				SWIFT_VERSION = 5.0;
				TARGETED_DEVICE_FAMILY = "1,2";
			};
			name = Debug;
		};
		4A19D89929590886009C8A8F /* Release */ = {
			isa = XCBuildConfiguration;
			buildSettings = {
				ASSETCATALOG_COMPILER_APPICON_NAME = AppIcon;
				ASSETCATALOG_COMPILER_GLOBAL_ACCENT_COLOR_NAME = AccentColor;
				CODE_SIGN_STYLE = Automatic;
				CURRENT_PROJECT_VERSION = 1;
				DEVELOPMENT_ASSET_PATHS = "\"Fingertip/Preview Content\"";
				DEVELOPMENT_TEAM = A78GUNKTH2;
				ENABLE_PREVIEWS = YES;
				GENERATE_INFOPLIST_FILE = YES;
				INFOPLIST_KEY_UIApplicationSceneManifest_Generation = YES;
				INFOPLIST_KEY_UIApplicationSupportsIndirectInputEvents = YES;
				INFOPLIST_KEY_UILaunchScreen_Generation = YES;
				INFOPLIST_KEY_UISupportedInterfaceOrientations_iPad = "UIInterfaceOrientationPortrait UIInterfaceOrientationPortraitUpsideDown UIInterfaceOrientationLandscapeLeft UIInterfaceOrientationLandscapeRight";
				INFOPLIST_KEY_UISupportedInterfaceOrientations_iPhone = "UIInterfaceOrientationPortrait UIInterfaceOrientationLandscapeLeft UIInterfaceOrientationLandscapeRight";
				LD_RUNPATH_SEARCH_PATHS = (
					"$(inherited)",
					"@executable_path/Frameworks",
				);
				MARKETING_VERSION = 1.0;
				PRODUCT_BUNDLE_IDENTIFIER = KarolinaGroszewska.Fingertip;
				PRODUCT_NAME = "$(TARGET_NAME)";
				SWIFT_EMIT_LOC_STRINGS = YES;
				SWIFT_VERSION = 5.0;
				TARGETED_DEVICE_FAMILY = "1,2";
			};
			name = Release;
		};
		4A19D89B29590886009C8A8F /* Debug */ = {
			isa = XCBuildConfiguration;
			buildSettings = {
				ALWAYS_EMBED_SWIFT_STANDARD_LIBRARIES = YES;
				BUNDLE_LOADER = "$(TEST_HOST)";
				CODE_SIGN_STYLE = Automatic;
				CURRENT_PROJECT_VERSION = 1;
				DEVELOPMENT_TEAM = A78GUNKTH2;
				GENERATE_INFOPLIST_FILE = YES;
				IPHONEOS_DEPLOYMENT_TARGET = 16.0;
				MARKETING_VERSION = 1.0;
				PRODUCT_BUNDLE_IDENTIFIER = KarolinaGroszewska.FingertipTests;
				PRODUCT_NAME = "$(TARGET_NAME)";
				SWIFT_EMIT_LOC_STRINGS = NO;
				SWIFT_VERSION = 5.0;
				TARGETED_DEVICE_FAMILY = "1,2";
				TEST_HOST = "$(BUILT_PRODUCTS_DIR)/Fingertip.app/$(BUNDLE_EXECUTABLE_FOLDER_PATH)/Fingertip";
			};
			name = Debug;
		};
		4A19D89C29590886009C8A8F /* Release */ = {
			isa = XCBuildConfiguration;
			buildSettings = {
				ALWAYS_EMBED_SWIFT_STANDARD_LIBRARIES = YES;
				BUNDLE_LOADER = "$(TEST_HOST)";
				CODE_SIGN_STYLE = Automatic;
				CURRENT_PROJECT_VERSION = 1;
				DEVELOPMENT_TEAM = A78GUNKTH2;
				GENERATE_INFOPLIST_FILE = YES;
				IPHONEOS_DEPLOYMENT_TARGET = 16.0;
				MARKETING_VERSION = 1.0;
				PRODUCT_BUNDLE_IDENTIFIER = KarolinaGroszewska.FingertipTests;
				PRODUCT_NAME = "$(TARGET_NAME)";
				SWIFT_EMIT_LOC_STRINGS = NO;
				SWIFT_VERSION = 5.0;
				TARGETED_DEVICE_FAMILY = "1,2";
				TEST_HOST = "$(BUILT_PRODUCTS_DIR)/Fingertip.app/$(BUNDLE_EXECUTABLE_FOLDER_PATH)/Fingertip";
			};
			name = Release;
		};
		4A19D89E29590886009C8A8F /* Debug */ = {
			isa = XCBuildConfiguration;
			buildSettings = {
				ALWAYS_EMBED_SWIFT_STANDARD_LIBRARIES = YES;
				CODE_SIGN_STYLE = Automatic;
				CURRENT_PROJECT_VERSION = 1;
				DEVELOPMENT_TEAM = A78GUNKTH2;
				GENERATE_INFOPLIST_FILE = YES;
				MARKETING_VERSION = 1.0;
				PRODUCT_BUNDLE_IDENTIFIER = KarolinaGroszewska.FingertipUITests;
				PRODUCT_NAME = "$(TARGET_NAME)";
				SWIFT_EMIT_LOC_STRINGS = NO;
				SWIFT_VERSION = 5.0;
				TARGETED_DEVICE_FAMILY = "1,2";
				TEST_TARGET_NAME = Fingertip;
			};
			name = Debug;
		};
		4A19D89F29590886009C8A8F /* Release */ = {
			isa = XCBuildConfiguration;
			buildSettings = {
				ALWAYS_EMBED_SWIFT_STANDARD_LIBRARIES = YES;
				CODE_SIGN_STYLE = Automatic;
				CURRENT_PROJECT_VERSION = 1;
				DEVELOPMENT_TEAM = A78GUNKTH2;
				GENERATE_INFOPLIST_FILE = YES;
				MARKETING_VERSION = 1.0;
				PRODUCT_BUNDLE_IDENTIFIER = KarolinaGroszewska.FingertipUITests;
				PRODUCT_NAME = "$(TARGET_NAME)";
				SWIFT_EMIT_LOC_STRINGS = NO;
				SWIFT_VERSION = 5.0;
				TARGETED_DEVICE_FAMILY = "1,2";
				TEST_TARGET_NAME = Fingertip;
			};
			name = Release;
		};
/* End XCBuildConfiguration section */

/* Begin XCConfigurationList section */
		4A19D86E29590885009C8A8F /* Build configuration list for PBXProject "Fingertip" */ = {
			isa = XCConfigurationList;
			buildConfigurations = (
				4A19D89529590886009C8A8F /* Debug */,
				4A19D89629590886009C8A8F /* Release */,
			);
			defaultConfigurationIsVisible = 0;
			defaultConfigurationName = Release;
		};
		4A19D89729590886009C8A8F /* Build configuration list for PBXNativeTarget "Fingertip" */ = {
			isa = XCConfigurationList;
			buildConfigurations = (
				4A19D89829590886009C8A8F /* Debug */,
				4A19D89929590886009C8A8F /* Release */,
			);
			defaultConfigurationIsVisible = 0;
			defaultConfigurationName = Release;
		};
		4A19D89A29590886009C8A8F /* Build configuration list for PBXNativeTarget "FingertipTests" */ = {
			isa = XCConfigurationList;
			buildConfigurations = (
				4A19D89B29590886009C8A8F /* Debug */,
				4A19D89C29590886009C8A8F /* Release */,
			);
			defaultConfigurationIsVisible = 0;
			defaultConfigurationName = Release;
		};
		4A19D89D29590886009C8A8F /* Build configuration list for PBXNativeTarget "FingertipUITests" */ = {
			isa = XCConfigurationList;
			buildConfigurations = (
				4A19D89E29590886009C8A8F /* Debug */,
				4A19D89F29590886009C8A8F /* Release */,
			);
			defaultConfigurationIsVisible = 0;
			defaultConfigurationName = Release;
		};
/* End XCConfigurationList section */
	};
	rootObject = 4A19D86B29590885009C8A8F /* Project object */;
}
